// !$*UTF8*$!
{
	archiveVersion = 1;
	classes = {
	};
	objectVersion = 50;
	objects = {

/* Begin PBXBuildFile section */
		648EFCA7266344E3C3226C56 /* Pods_WatchDataSyncDemoTests.framework in Frameworks */ = {isa = PBXBuildFile; fileRef = 041EF921A5E62E5C76DFD0FC /* Pods_WatchDataSyncDemoTests.framework */; };
		9BE2B1AB21BE3ADF004CC236 /* AppDelegate.swift in Sources */ = {isa = PBXBuildFile; fileRef = 9BE2B1AA21BE3ADF004CC236 /* AppDelegate.swift */; };
		9BE2B1AD21BE3ADF004CC236 /* ViewController.swift in Sources */ = {isa = PBXBuildFile; fileRef = 9BE2B1AC21BE3ADF004CC236 /* ViewController.swift */; };
		9BE2B1B021BE3ADF004CC236 /* Main.storyboard in Resources */ = {isa = PBXBuildFile; fileRef = 9BE2B1AE21BE3ADF004CC236 /* Main.storyboard */; };
		9BE2B1B221BE3AE1004CC236 /* Assets.xcassets in Resources */ = {isa = PBXBuildFile; fileRef = 9BE2B1B121BE3AE1004CC236 /* Assets.xcassets */; };
		9BE2B1B521BE3AE1004CC236 /* LaunchScreen.storyboard in Resources */ = {isa = PBXBuildFile; fileRef = 9BE2B1B321BE3AE1004CC236 /* LaunchScreen.storyboard */; };
		9BE2B1C021BE3AE1004CC236 /* WatchDataSyncDemoTests.swift in Sources */ = {isa = PBXBuildFile; fileRef = 9BE2B1BF21BE3AE1004CC236 /* WatchDataSyncDemoTests.swift */; };
		9BE2B1CC21BE4239004CC236 /* WDSPlayListCell.swift in Sources */ = {isa = PBXBuildFile; fileRef = 9BE2B1CB21BE4239004CC236 /* WDSPlayListCell.swift */; };
		9BE2B1D121BE4642004CC236 /* WDSAlertService.swift in Sources */ = {isa = PBXBuildFile; fileRef = 9BE2B1D021BE4642004CC236 /* WDSAlertService.swift */; };
		9BE2B1D521BE4DED004CC236 /* WDSPlayList.swift in Sources */ = {isa = PBXBuildFile; fileRef = 9BE2B1D421BE4DED004CC236 /* WDSPlayList.swift */; };
		9BE2B1D921BE5448004CC236 /* WDSRealmService.swift in Sources */ = {isa = PBXBuildFile; fileRef = 9BE2B1D821BE5448004CC236 /* WDSRealmService.swift */; };
		BE15DD828202693F033A393D /* Pods_WatchDataSyncDemo.framework in Frameworks */ = {isa = PBXBuildFile; fileRef = 0BC66444F4712BE3443B73BA /* Pods_WatchDataSyncDemo.framework */; };
/* End PBXBuildFile section */

/* Begin PBXContainerItemProxy section */
		9BE2B1BC21BE3AE1004CC236 /* PBXContainerItemProxy */ = {
			isa = PBXContainerItemProxy;
			containerPortal = 9BE2B19F21BE3ADF004CC236 /* Project object */;
			proxyType = 1;
			remoteGlobalIDString = 9BE2B1A621BE3ADF004CC236;
			remoteInfo = WatchDataSyncDemo;
		};
/* End PBXContainerItemProxy section */

/* Begin PBXFileReference section */
		041EF921A5E62E5C76DFD0FC /* Pods_WatchDataSyncDemoTests.framework */ = {isa = PBXFileReference; explicitFileType = wrapper.framework; includeInIndex = 0; path = Pods_WatchDataSyncDemoTests.framework; sourceTree = BUILT_PRODUCTS_DIR; };
		0BC66444F4712BE3443B73BA /* Pods_WatchDataSyncDemo.framework */ = {isa = PBXFileReference; explicitFileType = wrapper.framework; includeInIndex = 0; path = Pods_WatchDataSyncDemo.framework; sourceTree = BUILT_PRODUCTS_DIR; };
		4621BB7AE6E02026D95DFCDD /* Pods-WatchDataSyncDemoTests.debug.xcconfig */ = {isa = PBXFileReference; includeInIndex = 1; lastKnownFileType = text.xcconfig; name = "Pods-WatchDataSyncDemoTests.debug.xcconfig"; path = "Pods/Target Support Files/Pods-WatchDataSyncDemoTests/Pods-WatchDataSyncDemoTests.debug.xcconfig"; sourceTree = "<group>"; };
		8BD4816A38F72C72EB491863 /* Pods-WatchDataSyncDemo.debug.xcconfig */ = {isa = PBXFileReference; includeInIndex = 1; lastKnownFileType = text.xcconfig; name = "Pods-WatchDataSyncDemo.debug.xcconfig"; path = "Pods/Target Support Files/Pods-WatchDataSyncDemo/Pods-WatchDataSyncDemo.debug.xcconfig"; sourceTree = "<group>"; };
		9BE2B1A721BE3ADF004CC236 /* WatchDataSyncDemo.app */ = {isa = PBXFileReference; explicitFileType = wrapper.application; includeInIndex = 0; path = WatchDataSyncDemo.app; sourceTree = BUILT_PRODUCTS_DIR; };
		9BE2B1AA21BE3ADF004CC236 /* AppDelegate.swift */ = {isa = PBXFileReference; lastKnownFileType = sourcecode.swift; path = AppDelegate.swift; sourceTree = "<group>"; };
		9BE2B1AC21BE3ADF004CC236 /* ViewController.swift */ = {isa = PBXFileReference; lastKnownFileType = sourcecode.swift; path = ViewController.swift; sourceTree = "<group>"; };
		9BE2B1AF21BE3ADF004CC236 /* Base */ = {isa = PBXFileReference; lastKnownFileType = file.storyboard; name = Base; path = Base.lproj/Main.storyboard; sourceTree = "<group>"; };
		9BE2B1B121BE3AE1004CC236 /* Assets.xcassets */ = {isa = PBXFileReference; lastKnownFileType = folder.assetcatalog; path = Assets.xcassets; sourceTree = "<group>"; };
		9BE2B1B421BE3AE1004CC236 /* Base */ = {isa = PBXFileReference; lastKnownFileType = file.storyboard; name = Base; path = Base.lproj/LaunchScreen.storyboard; sourceTree = "<group>"; };
		9BE2B1B621BE3AE1004CC236 /* Info.plist */ = {isa = PBXFileReference; lastKnownFileType = text.plist.xml; path = Info.plist; sourceTree = "<group>"; };
		9BE2B1BB21BE3AE1004CC236 /* WatchDataSyncDemoTests.xctest */ = {isa = PBXFileReference; explicitFileType = wrapper.cfbundle; includeInIndex = 0; path = WatchDataSyncDemoTests.xctest; sourceTree = BUILT_PRODUCTS_DIR; };
		9BE2B1BF21BE3AE1004CC236 /* WatchDataSyncDemoTests.swift */ = {isa = PBXFileReference; lastKnownFileType = sourcecode.swift; path = WatchDataSyncDemoTests.swift; sourceTree = "<group>"; };
		9BE2B1C121BE3AE1004CC236 /* Info.plist */ = {isa = PBXFileReference; lastKnownFileType = text.plist.xml; path = Info.plist; sourceTree = "<group>"; };
		9BE2B1CB21BE4239004CC236 /* WDSPlayListCell.swift */ = {isa = PBXFileReference; lastKnownFileType = sourcecode.swift; path = WDSPlayListCell.swift; sourceTree = "<group>"; };
		9BE2B1D021BE4642004CC236 /* WDSAlertService.swift */ = {isa = PBXFileReference; lastKnownFileType = sourcecode.swift; path = WDSAlertService.swift; sourceTree = "<group>"; };
		9BE2B1D421BE4DED004CC236 /* WDSPlayList.swift */ = {isa = PBXFileReference; lastKnownFileType = sourcecode.swift; path = WDSPlayList.swift; sourceTree = "<group>"; };
		9BE2B1D821BE5448004CC236 /* WDSRealmService.swift */ = {isa = PBXFileReference; lastKnownFileType = sourcecode.swift; path = WDSRealmService.swift; sourceTree = "<group>"; };
		DA6BCCA82EFB6E3C93102B2C /* Pods-WatchDataSyncDemo.release.xcconfig */ = {isa = PBXFileReference; includeInIndex = 1; lastKnownFileType = text.xcconfig; name = "Pods-WatchDataSyncDemo.release.xcconfig"; path = "Pods/Target Support Files/Pods-WatchDataSyncDemo/Pods-WatchDataSyncDemo.release.xcconfig"; sourceTree = "<group>"; };
		FDF48B124B61AD363867ABF0 /* Pods-WatchDataSyncDemoTests.release.xcconfig */ = {isa = PBXFileReference; includeInIndex = 1; lastKnownFileType = text.xcconfig; name = "Pods-WatchDataSyncDemoTests.release.xcconfig"; path = "Pods/Target Support Files/Pods-WatchDataSyncDemoTests/Pods-WatchDataSyncDemoTests.release.xcconfig"; sourceTree = "<group>"; };
/* End PBXFileReference section */

/* Begin PBXFrameworksBuildPhase section */
		9BE2B1A421BE3ADF004CC236 /* Frameworks */ = {
			isa = PBXFrameworksBuildPhase;
			buildActionMask = 2147483647;
			files = (
				BE15DD828202693F033A393D /* Pods_WatchDataSyncDemo.framework in Frameworks */,
			);
			runOnlyForDeploymentPostprocessing = 0;
		};
		9BE2B1B821BE3AE1004CC236 /* Frameworks */ = {
			isa = PBXFrameworksBuildPhase;
			buildActionMask = 2147483647;
			files = (
				648EFCA7266344E3C3226C56 /* Pods_WatchDataSyncDemoTests.framework in Frameworks */,
			);
			runOnlyForDeploymentPostprocessing = 0;
		};
/* End PBXFrameworksBuildPhase section */

/* Begin PBXGroup section */
		19EE61D03CAE7AFF06AC9117 /* Pods */ = {
			isa = PBXGroup;
			children = (
				8BD4816A38F72C72EB491863 /* Pods-WatchDataSyncDemo.debug.xcconfig */,
				DA6BCCA82EFB6E3C93102B2C /* Pods-WatchDataSyncDemo.release.xcconfig */,
				4621BB7AE6E02026D95DFCDD /* Pods-WatchDataSyncDemoTests.debug.xcconfig */,
				FDF48B124B61AD363867ABF0 /* Pods-WatchDataSyncDemoTests.release.xcconfig */,
			);
			name = Pods;
			sourceTree = "<group>";
		};
		3881600CF7F31064C05E1BF0 /* Frameworks */ = {
			isa = PBXGroup;
			children = (
				0BC66444F4712BE3443B73BA /* Pods_WatchDataSyncDemo.framework */,
				041EF921A5E62E5C76DFD0FC /* Pods_WatchDataSyncDemoTests.framework */,
			);
			name = Frameworks;
			sourceTree = "<group>";
		};
		9BE2B19E21BE3ADF004CC236 = {
			isa = PBXGroup;
			children = (
				9BE2B1A921BE3ADF004CC236 /* WatchDataSyncDemo */,
				9BE2B1BE21BE3AE1004CC236 /* WatchDataSyncDemoTests */,
				9BE2B1A821BE3ADF004CC236 /* Products */,
				19EE61D03CAE7AFF06AC9117 /* Pods */,
				3881600CF7F31064C05E1BF0 /* Frameworks */,
			);
			sourceTree = "<group>";
		};
		9BE2B1A821BE3ADF004CC236 /* Products */ = {
			isa = PBXGroup;
			children = (
				9BE2B1A721BE3ADF004CC236 /* WatchDataSyncDemo.app */,
				9BE2B1BB21BE3AE1004CC236 /* WatchDataSyncDemoTests.xctest */,
			);
			name = Products;
			sourceTree = "<group>";
		};
		9BE2B1A921BE3ADF004CC236 /* WatchDataSyncDemo */ = {
			isa = PBXGroup;
			children = (
				9BE2B1D321BE4D02004CC236 /* Model */,
				9BE2B1CD21BE45DC004CC236 /* Service */,
				9BE2B1CA21BE41AA004CC236 /* View */,
				9BE2B1AA21BE3ADF004CC236 /* AppDelegate.swift */,
				9BE2B1AC21BE3ADF004CC236 /* ViewController.swift */,
				9BE2B1AE21BE3ADF004CC236 /* Main.storyboard */,
				9BE2B1B121BE3AE1004CC236 /* Assets.xcassets */,
				9BE2B1B321BE3AE1004CC236 /* LaunchScreen.storyboard */,
				9BE2B1B621BE3AE1004CC236 /* Info.plist */,
			);
			path = WatchDataSyncDemo;
			sourceTree = "<group>";
		};
		9BE2B1BE21BE3AE1004CC236 /* WatchDataSyncDemoTests */ = {
			isa = PBXGroup;
			children = (
				9BE2B1BF21BE3AE1004CC236 /* WatchDataSyncDemoTests.swift */,
				9BE2B1C121BE3AE1004CC236 /* Info.plist */,
			);
			path = WatchDataSyncDemoTests;
			sourceTree = "<group>";
		};
		9BE2B1CA21BE41AA004CC236 /* View */ = {
			isa = PBXGroup;
			children = (
				9BE2B1CB21BE4239004CC236 /* WDSPlayListCell.swift */,
			);
			path = View;
			sourceTree = "<group>";
		};
		9BE2B1CD21BE45DC004CC236 /* Service */ = {
			isa = PBXGroup;
			children = (
				9BE2B1D021BE4642004CC236 /* WDSAlertService.swift */,
				9BE2B1D821BE5448004CC236 /* WDSRealmService.swift */,
			);
			path = Service;
			sourceTree = "<group>";
		};
		9BE2B1D321BE4D02004CC236 /* Model */ = {
			isa = PBXGroup;
			children = (
				9BE2B1D421BE4DED004CC236 /* WDSPlayList.swift */,
			);
			path = Model;
			sourceTree = "<group>";
		};
/* End PBXGroup section */

/* Begin PBXNativeTarget section */
		9BE2B1A621BE3ADF004CC236 /* WatchDataSyncDemo */ = {
			isa = PBXNativeTarget;
			buildConfigurationList = 9BE2B1C421BE3AE1004CC236 /* Build configuration list for PBXNativeTarget "WatchDataSyncDemo" */;
			buildPhases = (
				1196640FA3FB40FC03D14DB2 /* [CP] Check Pods Manifest.lock */,
				9BE2B1A321BE3ADF004CC236 /* Sources */,
				9BE2B1A421BE3ADF004CC236 /* Frameworks */,
				9BE2B1A521BE3ADF004CC236 /* Resources */,
				C4F3E6932A4AC781D2AAD516 /* [CP] Embed Pods Frameworks */,
			);
			buildRules = (
			);
			dependencies = (
			);
			name = WatchDataSyncDemo;
			productName = WatchDataSyncDemo;
			productReference = 9BE2B1A721BE3ADF004CC236 /* WatchDataSyncDemo.app */;
			productType = "com.apple.product-type.application";
		};
		9BE2B1BA21BE3AE1004CC236 /* WatchDataSyncDemoTests */ = {
			isa = PBXNativeTarget;
			buildConfigurationList = 9BE2B1C721BE3AE1004CC236 /* Build configuration list for PBXNativeTarget "WatchDataSyncDemoTests" */;
			buildPhases = (
				31A7DA7332EC17D56DDE9FB4 /* [CP] Check Pods Manifest.lock */,
				9BE2B1B721BE3AE1004CC236 /* Sources */,
				9BE2B1B821BE3AE1004CC236 /* Frameworks */,
				9BE2B1B921BE3AE1004CC236 /* Resources */,
			);
			buildRules = (
			);
			dependencies = (
				9BE2B1BD21BE3AE1004CC236 /* PBXTargetDependency */,
			);
			name = WatchDataSyncDemoTests;
			productName = WatchDataSyncDemoTests;
			productReference = 9BE2B1BB21BE3AE1004CC236 /* WatchDataSyncDemoTests.xctest */;
			productType = "com.apple.product-type.bundle.unit-test";
		};
/* End PBXNativeTarget section */

/* Begin PBXProject section */
		9BE2B19F21BE3ADF004CC236 /* Project object */ = {
			isa = PBXProject;
			attributes = {
				CLASSPREFIX = WDS;
				LastSwiftUpdateCheck = 1010;
				LastUpgradeCheck = 1010;
				ORGANIZATIONNAME = JackySONE;
				TargetAttributes = {
					9BE2B1A621BE3ADF004CC236 = {
						CreatedOnToolsVersion = 10.1;
					};
					9BE2B1BA21BE3AE1004CC236 = {
						CreatedOnToolsVersion = 10.1;
						TestTargetID = 9BE2B1A621BE3ADF004CC236;
					};
				};
			};
			buildConfigurationList = 9BE2B1A221BE3ADF004CC236 /* Build configuration list for PBXProject "WatchDataSyncDemo" */;
			compatibilityVersion = "Xcode 9.3";
			developmentRegion = en;
			hasScannedForEncodings = 0;
			knownRegions = (
				en,
				Base,
			);
			mainGroup = 9BE2B19E21BE3ADF004CC236;
			productRefGroup = 9BE2B1A821BE3ADF004CC236 /* Products */;
			projectDirPath = "";
			projectRoot = "";
			targets = (
				9BE2B1A621BE3ADF004CC236 /* WatchDataSyncDemo */,
				9BE2B1BA21BE3AE1004CC236 /* WatchDataSyncDemoTests */,
			);
		};
/* End PBXProject section */

/* Begin PBXResourcesBuildPhase section */
		9BE2B1A521BE3ADF004CC236 /* Resources */ = {
			isa = PBXResourcesBuildPhase;
			buildActionMask = 2147483647;
			files = (
				9BE2B1B521BE3AE1004CC236 /* LaunchScreen.storyboard in Resources */,
				9BE2B1B221BE3AE1004CC236 /* Assets.xcassets in Resources */,
				9BE2B1B021BE3ADF004CC236 /* Main.storyboard in Resources */,
			);
			runOnlyForDeploymentPostprocessing = 0;
		};
		9BE2B1B921BE3AE1004CC236 /* Resources */ = {
			isa = PBXResourcesBuildPhase;
			buildActionMask = 2147483647;
			files = (
			);
			runOnlyForDeploymentPostprocessing = 0;
		};
/* End PBXResourcesBuildPhase section */

/* Begin PBXShellScriptBuildPhase section */
		1196640FA3FB40FC03D14DB2 /* [CP] Check Pods Manifest.lock */ = {
			isa = PBXShellScriptBuildPhase;
			buildActionMask = 2147483647;
			files = (
			);
			inputFileListPaths = (
			);
			inputPaths = (
				"${PODS_PODFILE_DIR_PATH}/Podfile.lock",
				"${PODS_ROOT}/Manifest.lock",
			);
			name = "[CP] Check Pods Manifest.lock";
			outputFileListPaths = (
			);
			outputPaths = (
				"$(DERIVED_FILE_DIR)/Pods-WatchDataSyncDemo-checkManifestLockResult.txt",
			);
			runOnlyForDeploymentPostprocessing = 0;
			shellPath = /bin/sh;
			shellScript = "diff \"${PODS_PODFILE_DIR_PATH}/Podfile.lock\" \"${PODS_ROOT}/Manifest.lock\" > /dev/null\nif [ $? != 0 ] ; then\n    # print error to STDERR\n    echo \"error: The sandbox is not in sync with the Podfile.lock. Run 'pod install' or update your CocoaPods installation.\" >&2\n    exit 1\nfi\n# This output is used by Xcode 'outputs' to avoid re-running this script phase.\necho \"SUCCESS\" > \"${SCRIPT_OUTPUT_FILE_0}\"\n";
			showEnvVarsInLog = 0;
		};
		31A7DA7332EC17D56DDE9FB4 /* [CP] Check Pods Manifest.lock */ = {
			isa = PBXShellScriptBuildPhase;
			buildActionMask = 2147483647;
			files = (
			);
			inputFileListPaths = (
			);
			inputPaths = (
				"${PODS_PODFILE_DIR_PATH}/Podfile.lock",
				"${PODS_ROOT}/Manifest.lock",
			);
			name = "[CP] Check Pods Manifest.lock";
			outputFileListPaths = (
			);
			outputPaths = (
				"$(DERIVED_FILE_DIR)/Pods-WatchDataSyncDemoTests-checkManifestLockResult.txt",
			);
			runOnlyForDeploymentPostprocessing = 0;
			shellPath = /bin/sh;
			shellScript = "diff \"${PODS_PODFILE_DIR_PATH}/Podfile.lock\" \"${PODS_ROOT}/Manifest.lock\" > /dev/null\nif [ $? != 0 ] ; then\n    # print error to STDERR\n    echo \"error: The sandbox is not in sync with the Podfile.lock. Run 'pod install' or update your CocoaPods installation.\" >&2\n    exit 1\nfi\n# This output is used by Xcode 'outputs' to avoid re-running this script phase.\necho \"SUCCESS\" > \"${SCRIPT_OUTPUT_FILE_0}\"\n";
			showEnvVarsInLog = 0;
		};
		C4F3E6932A4AC781D2AAD516 /* [CP] Embed Pods Frameworks */ = {
			isa = PBXShellScriptBuildPhase;
			buildActionMask = 2147483647;
			files = (
			);
			inputFileListPaths = (
			);
			inputPaths = (
				"${SRCROOT}/Pods/Target Support Files/Pods-WatchDataSyncDemo/Pods-WatchDataSyncDemo-frameworks.sh",
				"${BUILT_PRODUCTS_DIR}/Realm/Realm.framework",
				"${BUILT_PRODUCTS_DIR}/RealmSwift/RealmSwift.framework",
			);
			name = "[CP] Embed Pods Frameworks";
			outputFileListPaths = (
			);
			outputPaths = (
				"${TARGET_BUILD_DIR}/${FRAMEWORKS_FOLDER_PATH}/Realm.framework",
				"${TARGET_BUILD_DIR}/${FRAMEWORKS_FOLDER_PATH}/RealmSwift.framework",
			);
			runOnlyForDeploymentPostprocessing = 0;
			shellPath = /bin/sh;
			shellScript = "\"${SRCROOT}/Pods/Target Support Files/Pods-WatchDataSyncDemo/Pods-WatchDataSyncDemo-frameworks.sh\"\n";
			showEnvVarsInLog = 0;
		};
/* End PBXShellScriptBuildPhase section */

/* Begin PBXSourcesBuildPhase section */
		9BE2B1A321BE3ADF004CC236 /* Sources */ = {
			isa = PBXSourcesBuildPhase;
			buildActionMask = 2147483647;
			files = (
				9BE2B1AD21BE3ADF004CC236 /* ViewController.swift in Sources */,
				9BE2B1CC21BE4239004CC236 /* WDSPlayListCell.swift in Sources */,
				9BE2B1D921BE5448004CC236 /* WDSRealmService.swift in Sources */,
				9BE2B1AB21BE3ADF004CC236 /* AppDelegate.swift in Sources */,
				9BE2B1D121BE4642004CC236 /* WDSAlertService.swift in Sources */,
				9BE2B1D521BE4DED004CC236 /* WDSPlayList.swift in Sources */,
			);
			runOnlyForDeploymentPostprocessing = 0;
		};
		9BE2B1B721BE3AE1004CC236 /* Sources */ = {
			isa = PBXSourcesBuildPhase;
			buildActionMask = 2147483647;
			files = (
				9BE2B1C021BE3AE1004CC236 /* WatchDataSyncDemoTests.swift in Sources */,
			);
			runOnlyForDeploymentPostprocessing = 0;
		};
/* End PBXSourcesBuildPhase section */

/* Begin PBXTargetDependency section */
		9BE2B1BD21BE3AE1004CC236 /* PBXTargetDependency */ = {
			isa = PBXTargetDependency;
			target = 9BE2B1A621BE3ADF004CC236 /* WatchDataSyncDemo */;
			targetProxy = 9BE2B1BC21BE3AE1004CC236 /* PBXContainerItemProxy */;
		};
/* End PBXTargetDependency section */

/* Begin PBXVariantGroup section */
		9BE2B1AE21BE3ADF004CC236 /* Main.storyboard */ = {
			isa = PBXVariantGroup;
			children = (
				9BE2B1AF21BE3ADF004CC236 /* Base */,
			);
			name = Main.storyboard;
			sourceTree = "<group>";
		};
		9BE2B1B321BE3AE1004CC236 /* LaunchScreen.storyboard */ = {
			isa = PBXVariantGroup;
			children = (
				9BE2B1B421BE3AE1004CC236 /* Base */,
			);
			name = LaunchScreen.storyboard;
			sourceTree = "<group>";
		};
/* End PBXVariantGroup section */

/* Begin XCBuildConfiguration section */
		9BE2B1C221BE3AE1004CC236 /* Debug */ = {
			isa = XCBuildConfiguration;
			buildSettings = {
				ALWAYS_SEARCH_USER_PATHS = NO;
				CLANG_ANALYZER_NONNULL = YES;
				CLANG_ANALYZER_NUMBER_OBJECT_CONVERSION = YES_AGGRESSIVE;
				CLANG_CXX_LANGUAGE_STANDARD = "gnu++14";
				CLANG_CXX_LIBRARY = "libc++";
				CLANG_ENABLE_MODULES = YES;
				CLANG_ENABLE_OBJC_ARC = YES;
				CLANG_ENABLE_OBJC_WEAK = YES;
				CLANG_WARN_BLOCK_CAPTURE_AUTORELEASING = YES;
				CLANG_WARN_BOOL_CONVERSION = YES;
				CLANG_WARN_COMMA = YES;
				CLANG_WARN_CONSTANT_CONVERSION = YES;
				CLANG_WARN_DEPRECATED_OBJC_IMPLEMENTATIONS = YES;
				CLANG_WARN_DIRECT_OBJC_ISA_USAGE = YES_ERROR;
				CLANG_WARN_DOCUMENTATION_COMMENTS = YES;
				CLANG_WARN_EMPTY_BODY = YES;
				CLANG_WARN_ENUM_CONVERSION = YES;
				CLANG_WARN_INFINITE_RECURSION = YES;
				CLANG_WARN_INT_CONVERSION = YES;
				CLANG_WARN_NON_LITERAL_NULL_CONVERSION = YES;
				CLANG_WARN_OBJC_IMPLICIT_RETAIN_SELF = YES;
				CLANG_WARN_OBJC_LITERAL_CONVERSION = YES;
				CLANG_WARN_OBJC_ROOT_CLASS = YES_ERROR;
				CLANG_WARN_RANGE_LOOP_ANALYSIS = YES;
				CLANG_WARN_STRICT_PROTOTYPES = YES;
				CLANG_WARN_SUSPICIOUS_MOVE = YES;
				CLANG_WARN_UNGUARDED_AVAILABILITY = YES_AGGRESSIVE;
				CLANG_WARN_UNREACHABLE_CODE = YES;
				CLANG_WARN__DUPLICATE_METHOD_MATCH = YES;
				CODE_SIGN_IDENTITY = "iPhone Developer";
				COPY_PHASE_STRIP = NO;
				DEBUG_INFORMATION_FORMAT = dwarf;
				ENABLE_STRICT_OBJC_MSGSEND = YES;
				ENABLE_TESTABILITY = YES;
				GCC_C_LANGUAGE_STANDARD = gnu11;
				GCC_DYNAMIC_NO_PIC = NO;
				GCC_NO_COMMON_BLOCKS = YES;
				GCC_OPTIMIZATION_LEVEL = 0;
				GCC_PREPROCESSOR_DEFINITIONS = (
					"DEBUG=1",
					"$(inherited)",
				);
				GCC_WARN_64_TO_32_BIT_CONVERSION = YES;
				GCC_WARN_ABOUT_RETURN_TYPE = YES_ERROR;
				GCC_WARN_UNDECLARED_SELECTOR = YES;
				GCC_WARN_UNINITIALIZED_AUTOS = YES_AGGRESSIVE;
				GCC_WARN_UNUSED_FUNCTION = YES;
				GCC_WARN_UNUSED_VARIABLE = YES;
				IPHONEOS_DEPLOYMENT_TARGET = 12.1;
				MTL_ENABLE_DEBUG_INFO = INCLUDE_SOURCE;
				MTL_FAST_MATH = YES;
				ONLY_ACTIVE_ARCH = YES;
				SDKROOT = iphoneos;
				SWIFT_ACTIVE_COMPILATION_CONDITIONS = DEBUG;
				SWIFT_OPTIMIZATION_LEVEL = "-Onone";
			};
			name = Debug;
		};
		9BE2B1C321BE3AE1004CC236 /* Release */ = {
			isa = XCBuildConfiguration;
			buildSettings = {
				ALWAYS_SEARCH_USER_PATHS = NO;
				CLANG_ANALYZER_NONNULL = YES;
				CLANG_ANALYZER_NUMBER_OBJECT_CONVERSION = YES_AGGRESSIVE;
				CLANG_CXX_LANGUAGE_STANDARD = "gnu++14";
				CLANG_CXX_LIBRARY = "libc++";
				CLANG_ENABLE_MODULES = YES;
				CLANG_ENABLE_OBJC_ARC = YES;
				CLANG_ENABLE_OBJC_WEAK = YES;
				CLANG_WARN_BLOCK_CAPTURE_AUTORELEASING = YES;
				CLANG_WARN_BOOL_CONVERSION = YES;
				CLANG_WARN_COMMA = YES;
				CLANG_WARN_CONSTANT_CONVERSION = YES;
				CLANG_WARN_DEPRECATED_OBJC_IMPLEMENTATIONS = YES;
				CLANG_WARN_DIRECT_OBJC_ISA_USAGE = YES_ERROR;
				CLANG_WARN_DOCUMENTATION_COMMENTS = YES;
				CLANG_WARN_EMPTY_BODY = YES;
				CLANG_WARN_ENUM_CONVERSION = YES;
				CLANG_WARN_INFINITE_RECURSION = YES;
				CLANG_WARN_INT_CONVERSION = YES;
				CLANG_WARN_NON_LITERAL_NULL_CONVERSION = YES;
				CLANG_WARN_OBJC_IMPLICIT_RETAIN_SELF = YES;
				CLANG_WARN_OBJC_LITERAL_CONVERSION = YES;
				CLANG_WARN_OBJC_ROOT_CLASS = YES_ERROR;
				CLANG_WARN_RANGE_LOOP_ANALYSIS = YES;
				CLANG_WARN_STRICT_PROTOTYPES = YES;
				CLANG_WARN_SUSPICIOUS_MOVE = YES;
				CLANG_WARN_UNGUARDED_AVAILABILITY = YES_AGGRESSIVE;
				CLANG_WARN_UNREACHABLE_CODE = YES;
				CLANG_WARN__DUPLICATE_METHOD_MATCH = YES;
				CODE_SIGN_IDENTITY = "iPhone Developer";
				COPY_PHASE_STRIP = NO;
				DEBUG_INFORMATION_FORMAT = "dwarf-with-dsym";
				ENABLE_NS_ASSERTIONS = NO;
				ENABLE_STRICT_OBJC_MSGSEND = YES;
				GCC_C_LANGUAGE_STANDARD = gnu11;
				GCC_NO_COMMON_BLOCKS = YES;
				GCC_WARN_64_TO_32_BIT_CONVERSION = YES;
				GCC_WARN_ABOUT_RETURN_TYPE = YES_ERROR;
				GCC_WARN_UNDECLARED_SELECTOR = YES;
				GCC_WARN_UNINITIALIZED_AUTOS = YES_AGGRESSIVE;
				GCC_WARN_UNUSED_FUNCTION = YES;
				GCC_WARN_UNUSED_VARIABLE = YES;
				IPHONEOS_DEPLOYMENT_TARGET = 12.1;
				MTL_ENABLE_DEBUG_INFO = NO;
				MTL_FAST_MATH = YES;
				SDKROOT = iphoneos;
				SWIFT_COMPILATION_MODE = wholemodule;
				SWIFT_OPTIMIZATION_LEVEL = "-O";
				VALIDATE_PRODUCT = YES;
			};
			name = Release;
		};
		9BE2B1C521BE3AE1004CC236 /* Debug */ = {
			isa = XCBuildConfiguration;
			baseConfigurationReference = 8BD4816A38F72C72EB491863 /* Pods-WatchDataSyncDemo.debug.xcconfig */;
			buildSettings = {
				ASSETCATALOG_COMPILER_APPICON_NAME = AppIcon;
				CODE_SIGN_STYLE = Automatic;
				DEVELOPMENT_TEAM = 3J4P748ZX6;
				INFOPLIST_FILE = WatchDataSyncDemo/Info.plist;
				LD_RUNPATH_SEARCH_PATHS = (
					"$(inherited)",
					"@executable_path/Frameworks",
				);
				PRODUCT_BUNDLE_IDENTIFIER = sone.WatchDataSyncDemo;
				PRODUCT_NAME = "$(TARGET_NAME)";
				SWIFT_VERSION = 4.2;
				TARGETED_DEVICE_FAMILY = "1,2";
			};
			name = Debug;
		};
		9BE2B1C621BE3AE1004CC236 /* Release */ = {
			isa = XCBuildConfiguration;
			baseConfigurationReference = DA6BCCA82EFB6E3C93102B2C /* Pods-WatchDataSyncDemo.release.xcconfig */;
			buildSettings = {
				ASSETCATALOG_COMPILER_APPICON_NAME = AppIcon;
				CODE_SIGN_STYLE = Automatic;
				DEVELOPMENT_TEAM = 3J4P748ZX6;
				INFOPLIST_FILE = WatchDataSyncDemo/Info.plist;
				LD_RUNPATH_SEARCH_PATHS = (
					"$(inherited)",
					"@executable_path/Frameworks",
				);
				PRODUCT_BUNDLE_IDENTIFIER = sone.WatchDataSyncDemo;
				PRODUCT_NAME = "$(TARGET_NAME)";
				SWIFT_VERSION = 4.2;
				TARGETED_DEVICE_FAMILY = "1,2";
			};
			name = Release;
		};
		9BE2B1C821BE3AE1004CC236 /* Debug */ = {
			isa = XCBuildConfiguration;
			baseConfigurationReference = 4621BB7AE6E02026D95DFCDD /* Pods-WatchDataSyncDemoTests.debug.xcconfig */;
			buildSettings = {
				ALWAYS_EMBED_SWIFT_STANDARD_LIBRARIES = YES;
				BUNDLE_LOADER = "$(TEST_HOST)";
				CODE_SIGN_STYLE = Automatic;
				DEVELOPMENT_TEAM = 3J4P748ZX6;
				INFOPLIST_FILE = WatchDataSyncDemoTests/Info.plist;
				LD_RUNPATH_SEARCH_PATHS = (
					"$(inherited)",
					"@executable_path/Frameworks",
					"@loader_path/Frameworks",
				);
				PRODUCT_BUNDLE_IDENTIFIER = sone.WatchDataSyncDemoTests;
				PRODUCT_NAME = "$(TARGET_NAME)";
				SWIFT_VERSION = 4.2;
				TARGETED_DEVICE_FAMILY = "1,2";
				TEST_HOST = "$(BUILT_PRODUCTS_DIR)/WatchDataSyncDemo.app/WatchDataSyncDemo";
			};
			name = Debug;
		};
		9BE2B1C921BE3AE1004CC236 /* Release */ = {
			isa = XCBuildConfiguration;
			baseConfigurationReference = FDF48B124B61AD363867ABF0 /* Pods-WatchDataSyncDemoTests.release.xcconfig */;
			buildSettings = {
				ALWAYS_EMBED_SWIFT_STANDARD_LIBRARIES = YES;
				BUNDLE_LOADER = "$(TEST_HOST)";
				CODE_SIGN_STYLE = Automatic;
				DEVELOPMENT_TEAM = 3J4P748ZX6;
				INFOPLIST_FILE = WatchDataSyncDemoTests/Info.plist;
				LD_RUNPATH_SEARCH_PATHS = (
					"$(inherited)",
					"@executable_path/Frameworks",
					"@loader_path/Frameworks",
				);
				PRODUCT_BUNDLE_IDENTIFIER = sone.WatchDataSyncDemoTests;
				PRODUCT_NAME = "$(TARGET_NAME)";
				SWIFT_VERSION = 4.2;
				TARGETED_DEVICE_FAMILY = "1,2";
				TEST_HOST = "$(BUILT_PRODUCTS_DIR)/WatchDataSyncDemo.app/WatchDataSyncDemo";
			};
			name = Release;
		};
/* End XCBuildConfiguration section */

/* Begin XCConfigurationList section */
		9BE2B1A221BE3ADF004CC236 /* Build configuration list for PBXProject "WatchDataSyncDemo" */ = {
			isa = XCConfigurationList;
			buildConfigurations = (
				9BE2B1C221BE3AE1004CC236 /* Debug */,
				9BE2B1C321BE3AE1004CC236 /* Release */,
			);
			defaultConfigurationIsVisible = 0;
			defaultConfigurationName = Release;
		};
		9BE2B1C421BE3AE1004CC236 /* Build configuration list for PBXNativeTarget "WatchDataSyncDemo" */ = {
			isa = XCConfigurationList;
			buildConfigurations = (
				9BE2B1C521BE3AE1004CC236 /* Debug */,
				9BE2B1C621BE3AE1004CC236 /* Release */,
			);
			defaultConfigurationIsVisible = 0;
			defaultConfigurationName = Release;
		};
		9BE2B1C721BE3AE1004CC236 /* Build configuration list for PBXNativeTarget "WatchDataSyncDemoTests" */ = {
			isa = XCConfigurationList;
			buildConfigurations = (
				9BE2B1C821BE3AE1004CC236 /* Debug */,
				9BE2B1C921BE3AE1004CC236 /* Release */,
			);
			defaultConfigurationIsVisible = 0;
			defaultConfigurationName = Release;
		};
/* End XCConfigurationList section */
	};
	rootObject = 9BE2B19F21BE3ADF004CC236 /* Project object */;
}
